// !$*UTF8*$!
{
	archiveVersion = 1;
	classes = {
	};
	objectVersion = 51;
	objects = {

/* Begin PBXBuildFile section */
		B50C2F1723B2191500CE7FBF /* BalanceViewItem.swift in Sources */ = {isa = PBXBuildFile; fileRef = B50C2F1623B2191500CE7FBF /* BalanceViewItem.swift */; };
		B50C2F1923B3818E00CE7FBF /* ZrxKitManager.swift in Sources */ = {isa = PBXBuildFile; fileRef = B50C2F1823B3818E00CE7FBF /* ZrxKitManager.swift */; };
		B50C2F1B23B4729A00CE7FBF /* CoinManager.swift in Sources */ = {isa = PBXBuildFile; fileRef = B50C2F1A23B4729A00CE7FBF /* CoinManager.swift */; };
		B50C2F1D23B4752900CE7FBF /* ExchangePairViewItem.swift in Sources */ = {isa = PBXBuildFile; fileRef = B50C2F1C23B4752900CE7FBF /* ExchangePairViewItem.swift */; };
		B50C2F2123B475F700CE7FBF /* ExchangePair.swift in Sources */ = {isa = PBXBuildFile; fileRef = B50C2F2023B475F700CE7FBF /* ExchangePair.swift */; };
		B50C2F2423B4771100CE7FBF /* BaseRelayerAdapter.swift in Sources */ = {isa = PBXBuildFile; fileRef = B50C2F2323B4771100CE7FBF /* BaseRelayerAdapter.swift */; };
		B50C2F2623B4772900CE7FBF /* IRelayerAdapter.swift in Sources */ = {isa = PBXBuildFile; fileRef = B50C2F2523B4772900CE7FBF /* IRelayerAdapter.swift */; };
		B50C2F2923B4774D00CE7FBF /* IZrxKitManager.swift in Sources */ = {isa = PBXBuildFile; fileRef = B50C2F2823B4774D00CE7FBF /* IZrxKitManager.swift */; };
		B50C2F2B23B4777900CE7FBF /* ICoinManager.swift in Sources */ = {isa = PBXBuildFile; fileRef = B50C2F2A23B4777900CE7FBF /* ICoinManager.swift */; };
		B50C2F2D23B47C4000CE7FBF /* IRelayerAdapterManager.swift in Sources */ = {isa = PBXBuildFile; fileRef = B50C2F2C23B47C4000CE7FBF /* IRelayerAdapterManager.swift */; };
		B50C2F2F23B47C6100CE7FBF /* RelayerAdapterManager.swift in Sources */ = {isa = PBXBuildFile; fileRef = B50C2F2E23B47C6100CE7FBF /* RelayerAdapterManager.swift */; };
		B50C2F3523B4BB7500CE7FBF /* ExchangeView.swift in Sources */ = {isa = PBXBuildFile; fileRef = B50C2F3423B4BB7500CE7FBF /* ExchangeView.swift */; };
		B50C2F3723B4BE3400CE7FBF /* ExchangeCoinView.swift in Sources */ = {isa = PBXBuildFile; fileRef = B50C2F3623B4BE3400CE7FBF /* ExchangeCoinView.swift */; };
		B50C2F3A23B4C56000CE7FBF /* ExchangeCoinViewItem.swift in Sources */ = {isa = PBXBuildFile; fileRef = B50C2F3923B4C56000CE7FBF /* ExchangeCoinViewItem.swift */; };
		B52C4A1323B5B7BD004C1AAE /* ExchangeViewModel.swift in Sources */ = {isa = PBXBuildFile; fileRef = B52C4A1223B5B7BD004C1AAE /* ExchangeViewModel.swift */; };
		B52C4A1523B5B865004C1AAE /* ExchangeViewItem.swift in Sources */ = {isa = PBXBuildFile; fileRef = B52C4A1423B5B865004C1AAE /* ExchangeViewItem.swift */; };
		B52C4A1A23B5FAB2004C1AAE /* ExchangeInputView.swift in Sources */ = {isa = PBXBuildFile; fileRef = B52C4A1923B5FAB2004C1AAE /* ExchangeInputView.swift */; };
		B52C4A1E23B9BA74004C1AAE /* ExchangePairsInfo.swift in Sources */ = {isa = PBXBuildFile; fileRef = B52C4A1D23B9BA74004C1AAE /* ExchangePairsInfo.swift */; };
		B52C4A2023C32168004C1AAE /* ExchangeViewState.swift in Sources */ = {isa = PBXBuildFile; fileRef = B52C4A1F23C32168004C1AAE /* ExchangeViewState.swift */; };
		B52C4A2223C321D1004C1AAE /* MarketOrderViewState.swift in Sources */ = {isa = PBXBuildFile; fileRef = B52C4A2123C321D1004C1AAE /* MarketOrderViewState.swift */; };
		B52C4A2423C32246004C1AAE /* LimitOrderViewState.swift in Sources */ = {isa = PBXBuildFile; fileRef = B52C4A2323C32246004C1AAE /* LimitOrderViewState.swift */; };
		B52C4A2723C323E2004C1AAE /* MarketExchangeViewModel.swift in Sources */ = {isa = PBXBuildFile; fileRef = B52C4A2623C323E2004C1AAE /* MarketExchangeViewModel.swift */; };
		B533EBE923AB352F00CD18CC /* Configuration.swift in Sources */ = {isa = PBXBuildFile; fileRef = B533EBE823AB352F00CD18CC /* Configuration.swift */; };
		B533EBEB23AB38D300CD18CC /* OrdersViewModel.swift in Sources */ = {isa = PBXBuildFile; fileRef = B533EBEA23AB38D300CD18CC /* OrdersViewModel.swift */; };
		B533EBEE23AB3BFE00CD18CC /* Logger.swift in Sources */ = {isa = PBXBuildFile; fileRef = B533EBED23AB3BFE00CD18CC /* Logger.swift */; };
		B533EBF123AB3FBF00CD18CC /* Coin.swift in Sources */ = {isa = PBXBuildFile; fileRef = B533EBF023AB3FBF00CD18CC /* Coin.swift */; };
		B533EBF323AB404F00CD18CC /* CoinType.swift in Sources */ = {isa = PBXBuildFile; fileRef = B533EBF223AB404F00CD18CC /* CoinType.swift */; };
		B533EBF623AB6E3E00CD18CC /* MainView.swift in Sources */ = {isa = PBXBuildFile; fileRef = B533EBF523AB6E3E00CD18CC /* MainView.swift */; };
		B533EBFB23AC8E2700CD18CC /* BalanceView.swift in Sources */ = {isa = PBXBuildFile; fileRef = B533EBFA23AC8E2700CD18CC /* BalanceView.swift */; };
		B533EBFD23AC8E3600CD18CC /* BalanceRow.swift in Sources */ = {isa = PBXBuildFile; fileRef = B533EBFC23AC8E3600CD18CC /* BalanceRow.swift */; };
		B533EBFF23ACC3A400CD18CC /* BalanceViewModel.swift in Sources */ = {isa = PBXBuildFile; fileRef = B533EBFE23ACC3A400CD18CC /* BalanceViewModel.swift */; };
		B5347E5023CDEEF100A7B85E /* OrdersView.swift in Sources */ = {isa = PBXBuildFile; fileRef = B5347E4F23CDEEF100A7B85E /* OrdersView.swift */; };
		B5347E5223CE097800A7B85E /* OrderRow.swift in Sources */ = {isa = PBXBuildFile; fileRef = B5347E5123CE097800A7B85E /* OrderRow.swift */; };
		B5347E5423CE0C5900A7B85E /* SimpleOrder.swift in Sources */ = {isa = PBXBuildFile; fileRef = B5347E5323CE0C5900A7B85E /* SimpleOrder.swift */; };
		B5347E5623CE0D6300A7B85E /* RatesConverter.swift in Sources */ = {isa = PBXBuildFile; fileRef = B5347E5523CE0D6300A7B85E /* RatesConverter.swift */; };
		B53A7CE723C593800098A237 /* LimitExchangeViewModel.swift in Sources */ = {isa = PBXBuildFile; fileRef = B53A7CE623C593800098A237 /* LimitExchangeViewModel.swift */; };
		B53A7CE923C594E70098A237 /* CreateOrderData.swift in Sources */ = {isa = PBXBuildFile; fileRef = B53A7CE823C594E70098A237 /* CreateOrderData.swift */; };
		B53A7CEB23C595660098A237 /* EOrderSide.swift in Sources */ = {isa = PBXBuildFile; fileRef = B53A7CEA23C595660098A237 /* EOrderSide.swift */; };
		B53A7CED23C5C4840098A237 /* IExchangeInteractor.swift in Sources */ = {isa = PBXBuildFile; fileRef = B53A7CEC23C5C4840098A237 /* IExchangeInteractor.swift */; };
		B53A7CEF23C5C5800098A237 /* FillOrderData.swift in Sources */ = {isa = PBXBuildFile; fileRef = B53A7CEE23C5C5800098A237 /* FillOrderData.swift */; };
		B53A7CF123C5C5E90098A237 /* ExchangeInteractor.swift in Sources */ = {isa = PBXBuildFile; fileRef = B53A7CF023C5C5E90098A237 /* ExchangeInteractor.swift */; };
		B53A7CF323C5C8F10098A237 /* AllowanceChecker.swift in Sources */ = {isa = PBXBuildFile; fileRef = B53A7CF223C5C8F10098A237 /* AllowanceChecker.swift */; };
		B53A7CF523C5C9000098A237 /* IAllowanceChecker.swift in Sources */ = {isa = PBXBuildFile; fileRef = B53A7CF423C5C9000098A237 /* IAllowanceChecker.swift */; };
		B53A7CF723C722040098A237 /* IExchangeViewModel.swift in Sources */ = {isa = PBXBuildFile; fileRef = B53A7CF623C722040098A237 /* IExchangeViewModel.swift */; };
		B53A7CFB23C73EED0098A237 /* RelayerOrders.swift in Sources */ = {isa = PBXBuildFile; fileRef = B53A7CFA23C73EED0098A237 /* RelayerOrders.swift */; };
		B53A7CFD23C7405F0098A237 /* RelayerOrdersList.swift in Sources */ = {isa = PBXBuildFile; fileRef = B53A7CFC23C7405F0098A237 /* RelayerOrdersList.swift */; };
		B53A7CFF23C744060098A237 /* FillResult.swift in Sources */ = {isa = PBXBuildFile; fileRef = B53A7CFE23C744060098A237 /* FillResult.swift */; };
		B53A7D0123C7452D0098A237 /* OrdersUtil.swift in Sources */ = {isa = PBXBuildFile; fileRef = B53A7D0023C7452D0098A237 /* OrdersUtil.swift */; };
		B53A7D0323C745A30098A237 /* NormalizedOrderData.swift in Sources */ = {isa = PBXBuildFile; fileRef = B53A7D0223C745A30098A237 /* NormalizedOrderData.swift */; };
		B53A7D0523C747210098A237 /* String+Extension.swift in Sources */ = {isa = PBXBuildFile; fileRef = B53A7D0423C747210098A237 /* String+Extension.swift */; };
		B53A7D1123C8963E0098A237 /* InputWordsView.swift in Sources */ = {isa = PBXBuildFile; fileRef = B53A7D1023C8963E0098A237 /* InputWordsView.swift */; };
		B53A7D1323C8965D0098A237 /* MainViewModel.swift in Sources */ = {isa = PBXBuildFile; fileRef = B53A7D1223C8965D0098A237 /* MainViewModel.swift */; };
		B54F65DB23CE175E008BD76C /* Decimal+Extension.swift in Sources */ = {isa = PBXBuildFile; fileRef = B54F65DA23CE175E008BD76C /* Decimal+Extension.swift */; };
		B54F65DD23CE191C008BD76C /* NumberUtils.swift in Sources */ = {isa = PBXBuildFile; fileRef = B54F65DC23CE191C008BD76C /* NumberUtils.swift */; };
		B54F65E123CED25E008BD76C /* NumberPad.swift in Sources */ = {isa = PBXBuildFile; fileRef = B54F65E023CED25E008BD76C /* NumberPad.swift */; };
		B59AE8FB23B09B3A00DF03C1 /* IAdapter.swift in Sources */ = {isa = PBXBuildFile; fileRef = B59AE8FA23B09B3A00DF03C1 /* IAdapter.swift */; };
		B59AE8FD23B09B6900DF03C1 /* EthereumBaseAdapter.swift in Sources */ = {isa = PBXBuildFile; fileRef = B59AE8FC23B09B6900DF03C1 /* EthereumBaseAdapter.swift */; };
		B59AE8FF23B0A32200DF03C1 /* ConvertibleError.swift in Sources */ = {isa = PBXBuildFile; fileRef = B59AE8FE23B0A32200DF03C1 /* ConvertibleError.swift */; };
		B59AE90123B0A35D00DF03C1 /* ConnectionError.swift in Sources */ = {isa = PBXBuildFile; fileRef = B59AE90023B0A35D00DF03C1 /* ConnectionError.swift */; };
		B59AE90323B0A40F00DF03C1 /* EthereumAdapter.swift in Sources */ = {isa = PBXBuildFile; fileRef = B59AE90223B0A40F00DF03C1 /* EthereumAdapter.swift */; };
		B59AE90523B0A43F00DF03C1 /* TransactionRecord.swift in Sources */ = {isa = PBXBuildFile; fileRef = B59AE90423B0A43F00DF03C1 /* TransactionRecord.swift */; };
		B59AE90723B0A47500DF03C1 /* IBalanceAdapter.swift in Sources */ = {isa = PBXBuildFile; fileRef = B59AE90623B0A47500DF03C1 /* IBalanceAdapter.swift */; };
		B59AE90923B0A4B700DF03C1 /* AdapterState.swift in Sources */ = {isa = PBXBuildFile; fileRef = B59AE90823B0A4B700DF03C1 /* AdapterState.swift */; };
		B59AE90B23B0A4EB00DF03C1 /* ISendEthereumAdapter.swift in Sources */ = {isa = PBXBuildFile; fileRef = B59AE90A23B0A4EB00DF03C1 /* ISendEthereumAdapter.swift */; };
		B59AE90D23B0A53200DF03C1 /* ITransactionsAdapter.swift in Sources */ = {isa = PBXBuildFile; fileRef = B59AE90C23B0A53200DF03C1 /* ITransactionsAdapter.swift */; };
		B59AE90F23B0A58000DF03C1 /* TransactionLockInfo.swift in Sources */ = {isa = PBXBuildFile; fileRef = B59AE90E23B0A58000DF03C1 /* TransactionLockInfo.swift */; };
		B59AE91123B0A6CF00DF03C1 /* Erc20Adapter.swift in Sources */ = {isa = PBXBuildFile; fileRef = B59AE91023B0A6CF00DF03C1 /* Erc20Adapter.swift */; };
		B59AE91423B0A76D00DF03C1 /* IAdapterFactory.swift in Sources */ = {isa = PBXBuildFile; fileRef = B59AE91323B0A76D00DF03C1 /* IAdapterFactory.swift */; };
		B59AE91623B0A78600DF03C1 /* AdapterFactory.swift in Sources */ = {isa = PBXBuildFile; fileRef = B59AE91523B0A78600DF03C1 /* AdapterFactory.swift */; };
		B59AE91823B0A87200DF03C1 /* IAppConfigProvider.swift in Sources */ = {isa = PBXBuildFile; fileRef = B59AE91723B0A87200DF03C1 /* IAppConfigProvider.swift */; };
		B59AE91A23B0A8A700DF03C1 /* Currency.swift in Sources */ = {isa = PBXBuildFile; fileRef = B59AE91923B0A8A700DF03C1 /* Currency.swift */; };
		B59AE91D23B0A8FF00DF03C1 /* EthereumKitManager.swift in Sources */ = {isa = PBXBuildFile; fileRef = B59AE91C23B0A8FF00DF03C1 /* EthereumKitManager.swift */; };
		B59AE92023B0AD5200DF03C1 /* AppConfigProvider.swift in Sources */ = {isa = PBXBuildFile; fileRef = B59AE91F23B0AD5200DF03C1 /* AppConfigProvider.swift */; };
		B59AE92223B0BCAE00DF03C1 /* IAdapterManager.swift in Sources */ = {isa = PBXBuildFile; fileRef = B59AE92123B0BCAE00DF03C1 /* IAdapterManager.swift */; };
		B59AE92423B0BD2100DF03C1 /* AdapterManager.swift in Sources */ = {isa = PBXBuildFile; fileRef = B59AE92323B0BD2100DF03C1 /* AdapterManager.swift */; };
		B5DAE26223A8E80D00D6FBFA /* AppDelegate.swift in Sources */ = {isa = PBXBuildFile; fileRef = B5DAE26123A8E80D00D6FBFA /* AppDelegate.swift */; };
		B5DAE26423A8E80D00D6FBFA /* SceneDelegate.swift in Sources */ = {isa = PBXBuildFile; fileRef = B5DAE26323A8E80D00D6FBFA /* SceneDelegate.swift */; };
		B5DAE26623A8E80D00D6FBFA /* ContentView.swift in Sources */ = {isa = PBXBuildFile; fileRef = B5DAE26523A8E80D00D6FBFA /* ContentView.swift */; };
		B5DAE26823A8E81000D6FBFA /* Assets.xcassets in Resources */ = {isa = PBXBuildFile; fileRef = B5DAE26723A8E81000D6FBFA /* Assets.xcassets */; };
		B5DAE26B23A8E81000D6FBFA /* Preview Assets.xcassets in Resources */ = {isa = PBXBuildFile; fileRef = B5DAE26A23A8E81000D6FBFA /* Preview Assets.xcassets */; };
		B5DAE26E23A8E81000D6FBFA /* LaunchScreen.storyboard in Resources */ = {isa = PBXBuildFile; fileRef = B5DAE26C23A8E81000D6FBFA /* LaunchScreen.storyboard */; };
		B5DAE29123AA0AA500D6FBFA /* OrdersBookView.swift in Sources */ = {isa = PBXBuildFile; fileRef = B5DAE29023AA0AA500D6FBFA /* OrdersBookView.swift */; };
		B5DAE29623AA0C3300D6FBFA /* OrderViewItem.swift in Sources */ = {isa = PBXBuildFile; fileRef = B5DAE29523AA0C3300D6FBFA /* OrderViewItem.swift */; };
		B5DAE29923AA0D2900D6FBFA /* TestData.swift in Sources */ = {isa = PBXBuildFile; fileRef = B5DAE29823AA0D2900D6FBFA /* TestData.swift */; };
		B5DAE29C23AA0DB700D6FBFA /* OrderBookRow.swift in Sources */ = {isa = PBXBuildFile; fileRef = B5DAE29B23AA0DB700D6FBFA /* OrderBookRow.swift */; };
		B5DAE29E23AA1A5200D6FBFA /* App.swift in Sources */ = {isa = PBXBuildFile; fileRef = B5DAE29D23AA1A5200D6FBFA /* App.swift */; };
		B5F0A42723CC2E3800592A78 /* ActivityIndicator.swift in Sources */ = {isa = PBXBuildFile; fileRef = B5F0A42623CC2E3800592A78 /* ActivityIndicator.swift */; };
		B5F0A42B23CC306900592A78 /* ExchangeConfirmView.swift in Sources */ = {isa = PBXBuildFile; fileRef = B5F0A42A23CC306900592A78 /* ExchangeConfirmView.swift */; };
		B5F0A42F23CC31A300592A78 /* ExchangeConfirmInfo.swift in Sources */ = {isa = PBXBuildFile; fileRef = B5F0A42E23CC31A300592A78 /* ExchangeConfirmInfo.swift */; };
		B5F0A43123CC38F600592A78 /* ExchangeConfirmViewModel.swift in Sources */ = {isa = PBXBuildFile; fileRef = B5F0A43023CC38F600592A78 /* ExchangeConfirmViewModel.swift */; };
		B5F0A43523CC622500592A78 /* ProcessingDialog.swift in Sources */ = {isa = PBXBuildFile; fileRef = B5F0A43423CC622500592A78 /* ProcessingDialog.swift */; };
		B5F0A43723CC62D000592A78 /* ProgressBar.swift in Sources */ = {isa = PBXBuildFile; fileRef = B5F0A43623CC62D000592A78 /* ProgressBar.swift */; };
		B5F0A43923CC890800592A78 /* TransactionSentDialog.swift in Sources */ = {isa = PBXBuildFile; fileRef = B5F0A43823CC890800592A78 /* TransactionSentDialog.swift */; };
		B5F0A43B23CC90EB00592A78 /* ErrorDialog.swift in Sources */ = {isa = PBXBuildFile; fileRef = B5F0A43A23CC90EB00592A78 /* ErrorDialog.swift */; };
		D5D67649481B180DA125F5B6 /* Pods_UDEX.framework in Frameworks */ = {isa = PBXBuildFile; fileRef = 180BCE6212B91ED70CDA8EFC /* Pods_UDEX.framework */; };
/* End PBXBuildFile section */

/* Begin PBXFileReference section */
		180BCE6212B91ED70CDA8EFC /* Pods_UDEX.framework */ = {isa = PBXFileReference; explicitFileType = wrapper.framework; includeInIndex = 0; path = Pods_UDEX.framework; sourceTree = BUILT_PRODUCTS_DIR; };
		2F6AFD33B191BB7BDC3EE8C4 /* Pods-UDEX.staging.xcconfig */ = {isa = PBXFileReference; includeInIndex = 1; lastKnownFileType = text.xcconfig; name = "Pods-UDEX.staging.xcconfig"; path = "Target Support Files/Pods-UDEX/Pods-UDEX.staging.xcconfig"; sourceTree = "<group>"; };
		3D6D039E652FE3A2A5644744 /* Pods-UDEX.debug.xcconfig */ = {isa = PBXFileReference; includeInIndex = 1; lastKnownFileType = text.xcconfig; name = "Pods-UDEX.debug.xcconfig"; path = "Target Support Files/Pods-UDEX/Pods-UDEX.debug.xcconfig"; sourceTree = "<group>"; };
		537227B9A6004F03DBB290EE /* Pods-UDEX.release.xcconfig */ = {isa = PBXFileReference; includeInIndex = 1; lastKnownFileType = text.xcconfig; name = "Pods-UDEX.release.xcconfig"; path = "Target Support Files/Pods-UDEX/Pods-UDEX.release.xcconfig"; sourceTree = "<group>"; };
		B50C2F1623B2191500CE7FBF /* BalanceViewItem.swift */ = {isa = PBXFileReference; lastKnownFileType = sourcecode.swift; path = BalanceViewItem.swift; sourceTree = "<group>"; };
		B50C2F1823B3818E00CE7FBF /* ZrxKitManager.swift */ = {isa = PBXFileReference; lastKnownFileType = sourcecode.swift; path = ZrxKitManager.swift; sourceTree = "<group>"; };
		B50C2F1A23B4729A00CE7FBF /* CoinManager.swift */ = {isa = PBXFileReference; lastKnownFileType = sourcecode.swift; path = CoinManager.swift; sourceTree = "<group>"; };
		B50C2F1C23B4752900CE7FBF /* ExchangePairViewItem.swift */ = {isa = PBXFileReference; lastKnownFileType = sourcecode.swift; path = ExchangePairViewItem.swift; sourceTree = "<group>"; };
		B50C2F2023B475F700CE7FBF /* ExchangePair.swift */ = {isa = PBXFileReference; lastKnownFileType = sourcecode.swift; path = ExchangePair.swift; sourceTree = "<group>"; };
		B50C2F2323B4771100CE7FBF /* BaseRelayerAdapter.swift */ = {isa = PBXFileReference; lastKnownFileType = sourcecode.swift; path = BaseRelayerAdapter.swift; sourceTree = "<group>"; };
		B50C2F2523B4772900CE7FBF /* IRelayerAdapter.swift */ = {isa = PBXFileReference; lastKnownFileType = sourcecode.swift; path = IRelayerAdapter.swift; sourceTree = "<group>"; };
		B50C2F2823B4774D00CE7FBF /* IZrxKitManager.swift */ = {isa = PBXFileReference; lastKnownFileType = sourcecode.swift; path = IZrxKitManager.swift; sourceTree = "<group>"; };
		B50C2F2A23B4777900CE7FBF /* ICoinManager.swift */ = {isa = PBXFileReference; lastKnownFileType = sourcecode.swift; path = ICoinManager.swift; sourceTree = "<group>"; };
		B50C2F2C23B47C4000CE7FBF /* IRelayerAdapterManager.swift */ = {isa = PBXFileReference; lastKnownFileType = sourcecode.swift; path = IRelayerAdapterManager.swift; sourceTree = "<group>"; };
		B50C2F2E23B47C6100CE7FBF /* RelayerAdapterManager.swift */ = {isa = PBXFileReference; lastKnownFileType = sourcecode.swift; path = RelayerAdapterManager.swift; sourceTree = "<group>"; };
		B50C2F3423B4BB7500CE7FBF /* ExchangeView.swift */ = {isa = PBXFileReference; lastKnownFileType = sourcecode.swift; path = ExchangeView.swift; sourceTree = "<group>"; };
		B50C2F3623B4BE3400CE7FBF /* ExchangeCoinView.swift */ = {isa = PBXFileReference; lastKnownFileType = sourcecode.swift; path = ExchangeCoinView.swift; sourceTree = "<group>"; };
		B50C2F3923B4C56000CE7FBF /* ExchangeCoinViewItem.swift */ = {isa = PBXFileReference; lastKnownFileType = sourcecode.swift; path = ExchangeCoinViewItem.swift; sourceTree = "<group>"; };
		B52C4A1223B5B7BD004C1AAE /* ExchangeViewModel.swift */ = {isa = PBXFileReference; lastKnownFileType = sourcecode.swift; path = ExchangeViewModel.swift; sourceTree = "<group>"; };
		B52C4A1423B5B865004C1AAE /* ExchangeViewItem.swift */ = {isa = PBXFileReference; lastKnownFileType = sourcecode.swift; path = ExchangeViewItem.swift; sourceTree = "<group>"; };
		B52C4A1923B5FAB2004C1AAE /* ExchangeInputView.swift */ = {isa = PBXFileReference; lastKnownFileType = sourcecode.swift; path = ExchangeInputView.swift; sourceTree = "<group>"; };
		B52C4A1D23B9BA74004C1AAE /* ExchangePairsInfo.swift */ = {isa = PBXFileReference; lastKnownFileType = sourcecode.swift; path = ExchangePairsInfo.swift; sourceTree = "<group>"; };
		B52C4A1F23C32168004C1AAE /* ExchangeViewState.swift */ = {isa = PBXFileReference; lastKnownFileType = sourcecode.swift; path = ExchangeViewState.swift; sourceTree = "<group>"; };
		B52C4A2123C321D1004C1AAE /* MarketOrderViewState.swift */ = {isa = PBXFileReference; lastKnownFileType = sourcecode.swift; path = MarketOrderViewState.swift; sourceTree = "<group>"; };
		B52C4A2323C32246004C1AAE /* LimitOrderViewState.swift */ = {isa = PBXFileReference; lastKnownFileType = sourcecode.swift; path = LimitOrderViewState.swift; sourceTree = "<group>"; };
		B52C4A2623C323E2004C1AAE /* MarketExchangeViewModel.swift */ = {isa = PBXFileReference; lastKnownFileType = sourcecode.swift; path = MarketExchangeViewModel.swift; sourceTree = "<group>"; };
		B533EBE823AB352F00CD18CC /* Configuration.swift */ = {isa = PBXFileReference; lastKnownFileType = sourcecode.swift; path = Configuration.swift; sourceTree = "<group>"; };
		B533EBEA23AB38D300CD18CC /* OrdersViewModel.swift */ = {isa = PBXFileReference; lastKnownFileType = sourcecode.swift; name = OrdersViewModel.swift; path = Source/Modules/Orders/OrdersViewModel.swift; sourceTree = SOURCE_ROOT; };
		B533EBED23AB3BFE00CD18CC /* Logger.swift */ = {isa = PBXFileReference; lastKnownFileType = sourcecode.swift; path = Logger.swift; sourceTree = "<group>"; };
		B533EBF023AB3FBF00CD18CC /* Coin.swift */ = {isa = PBXFileReference; lastKnownFileType = sourcecode.swift; path = Coin.swift; sourceTree = "<group>"; };
		B533EBF223AB404F00CD18CC /* CoinType.swift */ = {isa = PBXFileReference; lastKnownFileType = sourcecode.swift; path = CoinType.swift; sourceTree = "<group>"; };
		B533EBF523AB6E3E00CD18CC /* MainView.swift */ = {isa = PBXFileReference; lastKnownFileType = sourcecode.swift; path = MainView.swift; sourceTree = "<group>"; };
		B533EBFA23AC8E2700CD18CC /* BalanceView.swift */ = {isa = PBXFileReference; lastKnownFileType = sourcecode.swift; path = BalanceView.swift; sourceTree = "<group>"; };
		B533EBFC23AC8E3600CD18CC /* BalanceRow.swift */ = {isa = PBXFileReference; lastKnownFileType = sourcecode.swift; path = BalanceRow.swift; sourceTree = "<group>"; };
		B533EBFE23ACC3A400CD18CC /* BalanceViewModel.swift */ = {isa = PBXFileReference; lastKnownFileType = sourcecode.swift; path = BalanceViewModel.swift; sourceTree = "<group>"; };
		B5347E4F23CDEEF100A7B85E /* OrdersView.swift */ = {isa = PBXFileReference; lastKnownFileType = sourcecode.swift; path = OrdersView.swift; sourceTree = "<group>"; };
		B5347E5123CE097800A7B85E /* OrderRow.swift */ = {isa = PBXFileReference; lastKnownFileType = sourcecode.swift; path = OrderRow.swift; sourceTree = "<group>"; };
		B5347E5323CE0C5900A7B85E /* SimpleOrder.swift */ = {isa = PBXFileReference; lastKnownFileType = sourcecode.swift; path = SimpleOrder.swift; sourceTree = "<group>"; };
		B5347E5523CE0D6300A7B85E /* RatesConverter.swift */ = {isa = PBXFileReference; lastKnownFileType = sourcecode.swift; path = RatesConverter.swift; sourceTree = "<group>"; };
		B53A7CE623C593800098A237 /* LimitExchangeViewModel.swift */ = {isa = PBXFileReference; lastKnownFileType = sourcecode.swift; path = LimitExchangeViewModel.swift; sourceTree = "<group>"; };
		B53A7CE823C594E70098A237 /* CreateOrderData.swift */ = {isa = PBXFileReference; lastKnownFileType = sourcecode.swift; path = CreateOrderData.swift; sourceTree = "<group>"; };
		B53A7CEA23C595660098A237 /* EOrderSide.swift */ = {isa = PBXFileReference; lastKnownFileType = sourcecode.swift; path = EOrderSide.swift; sourceTree = "<group>"; };
		B53A7CEC23C5C4840098A237 /* IExchangeInteractor.swift */ = {isa = PBXFileReference; lastKnownFileType = sourcecode.swift; path = IExchangeInteractor.swift; sourceTree = "<group>"; };
		B53A7CEE23C5C5800098A237 /* FillOrderData.swift */ = {isa = PBXFileReference; lastKnownFileType = sourcecode.swift; path = FillOrderData.swift; sourceTree = "<group>"; };
		B53A7CF023C5C5E90098A237 /* ExchangeInteractor.swift */ = {isa = PBXFileReference; lastKnownFileType = sourcecode.swift; path = ExchangeInteractor.swift; sourceTree = "<group>"; };
		B53A7CF223C5C8F10098A237 /* AllowanceChecker.swift */ = {isa = PBXFileReference; lastKnownFileType = sourcecode.swift; path = AllowanceChecker.swift; sourceTree = "<group>"; };
		B53A7CF423C5C9000098A237 /* IAllowanceChecker.swift */ = {isa = PBXFileReference; lastKnownFileType = sourcecode.swift; path = IAllowanceChecker.swift; sourceTree = "<group>"; };
		B53A7CF623C722040098A237 /* IExchangeViewModel.swift */ = {isa = PBXFileReference; lastKnownFileType = sourcecode.swift; path = IExchangeViewModel.swift; sourceTree = "<group>"; };
		B53A7CFA23C73EED0098A237 /* RelayerOrders.swift */ = {isa = PBXFileReference; lastKnownFileType = sourcecode.swift; path = RelayerOrders.swift; sourceTree = "<group>"; };
		B53A7CFC23C7405F0098A237 /* RelayerOrdersList.swift */ = {isa = PBXFileReference; lastKnownFileType = sourcecode.swift; path = RelayerOrdersList.swift; sourceTree = "<group>"; };
		B53A7CFE23C744060098A237 /* FillResult.swift */ = {isa = PBXFileReference; lastKnownFileType = sourcecode.swift; path = FillResult.swift; sourceTree = "<group>"; };
		B53A7D0023C7452D0098A237 /* OrdersUtil.swift */ = {isa = PBXFileReference; lastKnownFileType = sourcecode.swift; path = OrdersUtil.swift; sourceTree = "<group>"; };
		B53A7D0223C745A30098A237 /* NormalizedOrderData.swift */ = {isa = PBXFileReference; lastKnownFileType = sourcecode.swift; path = NormalizedOrderData.swift; sourceTree = "<group>"; };
		B53A7D0423C747210098A237 /* String+Extension.swift */ = {isa = PBXFileReference; lastKnownFileType = sourcecode.swift; path = "String+Extension.swift"; sourceTree = "<group>"; };
		B53A7D0623C879DD0098A237 /* zrxkit.framework */ = {isa = PBXFileReference; lastKnownFileType = wrapper.framework; name = zrxkit.framework; path = UDEX/zrxkit.framework; sourceTree = "<group>"; };
		B53A7D1023C8963E0098A237 /* InputWordsView.swift */ = {isa = PBXFileReference; lastKnownFileType = sourcecode.swift; path = InputWordsView.swift; sourceTree = "<group>"; };
		B53A7D1223C8965D0098A237 /* MainViewModel.swift */ = {isa = PBXFileReference; lastKnownFileType = sourcecode.swift; path = MainViewModel.swift; sourceTree = "<group>"; };
		B54F65DA23CE175E008BD76C /* Decimal+Extension.swift */ = {isa = PBXFileReference; lastKnownFileType = sourcecode.swift; path = "Decimal+Extension.swift"; sourceTree = "<group>"; };
		B54F65DC23CE191C008BD76C /* NumberUtils.swift */ = {isa = PBXFileReference; lastKnownFileType = sourcecode.swift; path = NumberUtils.swift; sourceTree = "<group>"; };
		B54F65E023CED25E008BD76C /* NumberPad.swift */ = {isa = PBXFileReference; lastKnownFileType = sourcecode.swift; path = NumberPad.swift; sourceTree = "<group>"; };
		B59AE8FA23B09B3A00DF03C1 /* IAdapter.swift */ = {isa = PBXFileReference; lastKnownFileType = sourcecode.swift; path = IAdapter.swift; sourceTree = "<group>"; };
		B59AE8FC23B09B6900DF03C1 /* EthereumBaseAdapter.swift */ = {isa = PBXFileReference; lastKnownFileType = sourcecode.swift; path = EthereumBaseAdapter.swift; sourceTree = "<group>"; };
		B59AE8FE23B0A32200DF03C1 /* ConvertibleError.swift */ = {isa = PBXFileReference; lastKnownFileType = sourcecode.swift; path = ConvertibleError.swift; sourceTree = "<group>"; };
		B59AE90023B0A35D00DF03C1 /* ConnectionError.swift */ = {isa = PBXFileReference; lastKnownFileType = sourcecode.swift; path = ConnectionError.swift; sourceTree = "<group>"; };
		B59AE90223B0A40F00DF03C1 /* EthereumAdapter.swift */ = {isa = PBXFileReference; lastKnownFileType = sourcecode.swift; path = EthereumAdapter.swift; sourceTree = "<group>"; };
		B59AE90423B0A43F00DF03C1 /* TransactionRecord.swift */ = {isa = PBXFileReference; lastKnownFileType = sourcecode.swift; path = TransactionRecord.swift; sourceTree = "<group>"; };
		B59AE90623B0A47500DF03C1 /* IBalanceAdapter.swift */ = {isa = PBXFileReference; lastKnownFileType = sourcecode.swift; path = IBalanceAdapter.swift; sourceTree = "<group>"; };
		B59AE90823B0A4B700DF03C1 /* AdapterState.swift */ = {isa = PBXFileReference; lastKnownFileType = sourcecode.swift; path = AdapterState.swift; sourceTree = "<group>"; };
		B59AE90A23B0A4EB00DF03C1 /* ISendEthereumAdapter.swift */ = {isa = PBXFileReference; lastKnownFileType = sourcecode.swift; path = ISendEthereumAdapter.swift; sourceTree = "<group>"; };
		B59AE90C23B0A53200DF03C1 /* ITransactionsAdapter.swift */ = {isa = PBXFileReference; lastKnownFileType = sourcecode.swift; path = ITransactionsAdapter.swift; sourceTree = "<group>"; };
		B59AE90E23B0A58000DF03C1 /* TransactionLockInfo.swift */ = {isa = PBXFileReference; lastKnownFileType = sourcecode.swift; path = TransactionLockInfo.swift; sourceTree = "<group>"; };
		B59AE91023B0A6CF00DF03C1 /* Erc20Adapter.swift */ = {isa = PBXFileReference; lastKnownFileType = sourcecode.swift; path = Erc20Adapter.swift; sourceTree = "<group>"; };
		B59AE91323B0A76D00DF03C1 /* IAdapterFactory.swift */ = {isa = PBXFileReference; lastKnownFileType = sourcecode.swift; path = IAdapterFactory.swift; sourceTree = "<group>"; };
		B59AE91523B0A78600DF03C1 /* AdapterFactory.swift */ = {isa = PBXFileReference; lastKnownFileType = sourcecode.swift; path = AdapterFactory.swift; sourceTree = "<group>"; };
		B59AE91723B0A87200DF03C1 /* IAppConfigProvider.swift */ = {isa = PBXFileReference; lastKnownFileType = sourcecode.swift; path = IAppConfigProvider.swift; sourceTree = "<group>"; };
		B59AE91923B0A8A700DF03C1 /* Currency.swift */ = {isa = PBXFileReference; lastKnownFileType = sourcecode.swift; path = Currency.swift; sourceTree = "<group>"; };
		B59AE91C23B0A8FF00DF03C1 /* EthereumKitManager.swift */ = {isa = PBXFileReference; lastKnownFileType = sourcecode.swift; path = EthereumKitManager.swift; sourceTree = "<group>"; };
		B59AE91F23B0AD5200DF03C1 /* AppConfigProvider.swift */ = {isa = PBXFileReference; lastKnownFileType = sourcecode.swift; path = AppConfigProvider.swift; sourceTree = "<group>"; };
		B59AE92123B0BCAE00DF03C1 /* IAdapterManager.swift */ = {isa = PBXFileReference; lastKnownFileType = sourcecode.swift; path = IAdapterManager.swift; sourceTree = "<group>"; };
		B59AE92323B0BD2100DF03C1 /* AdapterManager.swift */ = {isa = PBXFileReference; lastKnownFileType = sourcecode.swift; path = AdapterManager.swift; sourceTree = "<group>"; };
		B5DAE25E23A8E80D00D6FBFA /* UDEX.app */ = {isa = PBXFileReference; explicitFileType = wrapper.application; includeInIndex = 0; path = UDEX.app; sourceTree = BUILT_PRODUCTS_DIR; };
		B5DAE26123A8E80D00D6FBFA /* AppDelegate.swift */ = {isa = PBXFileReference; lastKnownFileType = sourcecode.swift; path = AppDelegate.swift; sourceTree = "<group>"; };
		B5DAE26323A8E80D00D6FBFA /* SceneDelegate.swift */ = {isa = PBXFileReference; lastKnownFileType = sourcecode.swift; path = SceneDelegate.swift; sourceTree = "<group>"; };
		B5DAE26523A8E80D00D6FBFA /* ContentView.swift */ = {isa = PBXFileReference; lastKnownFileType = sourcecode.swift; path = ContentView.swift; sourceTree = "<group>"; };
		B5DAE26723A8E81000D6FBFA /* Assets.xcassets */ = {isa = PBXFileReference; lastKnownFileType = folder.assetcatalog; path = Assets.xcassets; sourceTree = "<group>"; };
		B5DAE26A23A8E81000D6FBFA /* Preview Assets.xcassets */ = {isa = PBXFileReference; lastKnownFileType = folder.assetcatalog; path = "Preview Assets.xcassets"; sourceTree = "<group>"; };
		B5DAE26D23A8E81000D6FBFA /* Base */ = {isa = PBXFileReference; lastKnownFileType = file.storyboard; name = Base; path = Base.lproj/LaunchScreen.storyboard; sourceTree = "<group>"; };
		B5DAE26F23A8E81000D6FBFA /* Info.plist */ = {isa = PBXFileReference; lastKnownFileType = text.plist.xml; path = Info.plist; sourceTree = "<group>"; };
		B5DAE28723A9E82700D6FBFA /* Debug.xcconfig */ = {isa = PBXFileReference; lastKnownFileType = text.xcconfig; path = Debug.xcconfig; sourceTree = "<group>"; };
		B5DAE28823A9E83700D6FBFA /* Release.xcconfig */ = {isa = PBXFileReference; lastKnownFileType = text.xcconfig; path = Release.xcconfig; sourceTree = "<group>"; };
		B5DAE28923A9E84600D6FBFA /* Base.xcconfig */ = {isa = PBXFileReference; lastKnownFileType = text.xcconfig; path = Base.xcconfig; sourceTree = "<group>"; };
		B5DAE28A23A9E85400D6FBFA /* Staging.xcconfig */ = {isa = PBXFileReference; lastKnownFileType = text.xcconfig; path = Staging.xcconfig; sourceTree = "<group>"; };
		B5DAE29023AA0AA500D6FBFA /* OrdersBookView.swift */ = {isa = PBXFileReference; lastKnownFileType = sourcecode.swift; path = OrdersBookView.swift; sourceTree = "<group>"; };
		B5DAE29523AA0C3300D6FBFA /* OrderViewItem.swift */ = {isa = PBXFileReference; lastKnownFileType = sourcecode.swift; path = OrderViewItem.swift; sourceTree = "<group>"; };
		B5DAE29823AA0D2900D6FBFA /* TestData.swift */ = {isa = PBXFileReference; lastKnownFileType = sourcecode.swift; path = TestData.swift; sourceTree = "<group>"; };
		B5DAE29B23AA0DB700D6FBFA /* OrderBookRow.swift */ = {isa = PBXFileReference; lastKnownFileType = sourcecode.swift; path = OrderBookRow.swift; sourceTree = "<group>"; };
		B5DAE29D23AA1A5200D6FBFA /* App.swift */ = {isa = PBXFileReference; lastKnownFileType = sourcecode.swift; path = App.swift; sourceTree = "<group>"; };
		B5F0A42623CC2E3800592A78 /* ActivityIndicator.swift */ = {isa = PBXFileReference; lastKnownFileType = sourcecode.swift; path = ActivityIndicator.swift; sourceTree = "<group>"; };
		B5F0A42A23CC306900592A78 /* ExchangeConfirmView.swift */ = {isa = PBXFileReference; lastKnownFileType = sourcecode.swift; path = ExchangeConfirmView.swift; sourceTree = "<group>"; };
		B5F0A42E23CC31A300592A78 /* ExchangeConfirmInfo.swift */ = {isa = PBXFileReference; lastKnownFileType = sourcecode.swift; path = ExchangeConfirmInfo.swift; sourceTree = "<group>"; };
		B5F0A43023CC38F600592A78 /* ExchangeConfirmViewModel.swift */ = {isa = PBXFileReference; lastKnownFileType = sourcecode.swift; path = ExchangeConfirmViewModel.swift; sourceTree = "<group>"; };
		B5F0A43423CC622500592A78 /* ProcessingDialog.swift */ = {isa = PBXFileReference; lastKnownFileType = sourcecode.swift; path = ProcessingDialog.swift; sourceTree = "<group>"; };
		B5F0A43623CC62D000592A78 /* ProgressBar.swift */ = {isa = PBXFileReference; lastKnownFileType = sourcecode.swift; path = ProgressBar.swift; sourceTree = "<group>"; };
		B5F0A43823CC890800592A78 /* TransactionSentDialog.swift */ = {isa = PBXFileReference; lastKnownFileType = sourcecode.swift; path = TransactionSentDialog.swift; sourceTree = "<group>"; };
		B5F0A43A23CC90EB00592A78 /* ErrorDialog.swift */ = {isa = PBXFileReference; lastKnownFileType = sourcecode.swift; path = ErrorDialog.swift; sourceTree = "<group>"; };
/* End PBXFileReference section */

/* Begin PBXFrameworksBuildPhase section */
		B5DAE25B23A8E80D00D6FBFA /* Frameworks */ = {
			isa = PBXFrameworksBuildPhase;
			buildActionMask = 2147483647;
			files = (
				D5D67649481B180DA125F5B6 /* Pods_UDEX.framework in Frameworks */,
			);
			runOnlyForDeploymentPostprocessing = 0;
		};
/* End PBXFrameworksBuildPhase section */

/* Begin PBXGroup section */
		6624FC97EA37BDCA1B7AA041 /* Pods */ = {
			isa = PBXGroup;
			children = (
				3D6D039E652FE3A2A5644744 /* Pods-UDEX.debug.xcconfig */,
				537227B9A6004F03DBB290EE /* Pods-UDEX.release.xcconfig */,
				2F6AFD33B191BB7BDC3EE8C4 /* Pods-UDEX.staging.xcconfig */,
			);
			path = Pods;
			sourceTree = "<group>";
		};
		8D472A56C6462D6AF020D490 /* Frameworks */ = {
			isa = PBXGroup;
			children = (
				B53A7D0623C879DD0098A237 /* zrxkit.framework */,
				180BCE6212B91ED70CDA8EFC /* Pods_UDEX.framework */,
			);
			name = Frameworks;
			sourceTree = "<group>";
		};
		B50C2F1523B2190700CE7FBF /* Model */ = {
			isa = PBXGroup;
			children = (
				B50C2F1623B2191500CE7FBF /* BalanceViewItem.swift */,
			);
			path = Model;
			sourceTree = "<group>";
		};
		B50C2F1E23B475D400CE7FBF /* Zrx */ = {
			isa = PBXGroup;
			children = (
				B50C2F2723B4772F00CE7FBF /* Manager */,
				B50C2F2223B4770400CE7FBF /* Adapter */,
				B50C2F1F23B475E900CE7FBF /* Model */,
				B53A7D0023C7452D0098A237 /* OrdersUtil.swift */,
			);
			path = Zrx;
			sourceTree = "<group>";
		};
		B50C2F1F23B475E900CE7FBF /* Model */ = {
			isa = PBXGroup;
			children = (
				B50C2F2023B475F700CE7FBF /* ExchangePair.swift */,
				B53A7CE823C594E70098A237 /* CreateOrderData.swift */,
				B53A7CEE23C5C5800098A237 /* FillOrderData.swift */,
				B53A7CFA23C73EED0098A237 /* RelayerOrders.swift */,
				B53A7CFC23C7405F0098A237 /* RelayerOrdersList.swift */,
				B53A7CFE23C744060098A237 /* FillResult.swift */,
				B53A7D0223C745A30098A237 /* NormalizedOrderData.swift */,
				B5347E5323CE0C5900A7B85E /* SimpleOrder.swift */,
			);
			path = Model;
			sourceTree = "<group>";
		};
		B50C2F2223B4770400CE7FBF /* Adapter */ = {
			isa = PBXGroup;
			children = (
				B50C2F2323B4771100CE7FBF /* BaseRelayerAdapter.swift */,
				B50C2F2523B4772900CE7FBF /* IRelayerAdapter.swift */,
				B53A7CEC23C5C4840098A237 /* IExchangeInteractor.swift */,
				B53A7CF023C5C5E90098A237 /* ExchangeInteractor.swift */,
				B53A7CF223C5C8F10098A237 /* AllowanceChecker.swift */,
				B53A7CF423C5C9000098A237 /* IAllowanceChecker.swift */,
			);
			path = Adapter;
			sourceTree = "<group>";
		};
		B50C2F2723B4772F00CE7FBF /* Manager */ = {
			isa = PBXGroup;
			children = (
				B50C2F1823B3818E00CE7FBF /* ZrxKitManager.swift */,
				B50C2F2823B4774D00CE7FBF /* IZrxKitManager.swift */,
				B50C2F2C23B47C4000CE7FBF /* IRelayerAdapterManager.swift */,
				B50C2F2E23B47C6100CE7FBF /* RelayerAdapterManager.swift */,
				B5347E5523CE0D6300A7B85E /* RatesConverter.swift */,
			);
			path = Manager;
			sourceTree = "<group>";
		};
		B50C2F3023B4BB3800CE7FBF /* Exchange */ = {
			isa = PBXGroup;
			children = (
				B52C4A2523C32274004C1AAE /* ViewModel */,
				B50C2F3823B4C53D00CE7FBF /* Model */,
				B50C2F3123B4BB4E00CE7FBF /* View */,
			);
			path = Exchange;
			sourceTree = "<group>";
		};
		B50C2F3123B4BB4E00CE7FBF /* View */ = {
			isa = PBXGroup;
			children = (
				B50C2F3423B4BB7500CE7FBF /* ExchangeView.swift */,
				B50C2F3623B4BE3400CE7FBF /* ExchangeCoinView.swift */,
				B52C4A1923B5FAB2004C1AAE /* ExchangeInputView.swift */,
				B54F65E023CED25E008BD76C /* NumberPad.swift */,
			);
			path = View;
			sourceTree = "<group>";
		};
		B50C2F3823B4C53D00CE7FBF /* Model */ = {
			isa = PBXGroup;
			children = (
				B50C2F3923B4C56000CE7FBF /* ExchangeCoinViewItem.swift */,
				B52C4A1423B5B865004C1AAE /* ExchangeViewItem.swift */,
				B52C4A1D23B9BA74004C1AAE /* ExchangePairsInfo.swift */,
				B52C4A1F23C32168004C1AAE /* ExchangeViewState.swift */,
				B52C4A2123C321D1004C1AAE /* MarketOrderViewState.swift */,
				B52C4A2323C32246004C1AAE /* LimitOrderViewState.swift */,
			);
			path = Model;
			sourceTree = "<group>";
		};
		B52C4A2523C32274004C1AAE /* ViewModel */ = {
			isa = PBXGroup;
			children = (
				B52C4A1223B5B7BD004C1AAE /* ExchangeViewModel.swift */,
				B52C4A2623C323E2004C1AAE /* MarketExchangeViewModel.swift */,
				B53A7CE623C593800098A237 /* LimitExchangeViewModel.swift */,
				B53A7CF623C722040098A237 /* IExchangeViewModel.swift */,
			);
			path = ViewModel;
			sourceTree = "<group>";
		};
		B533EBE723AB33EE00CD18CC /* Core */ = {
			isa = PBXGroup;
			children = (
				B5F0A42523CC2CCD00592A78 /* Views */,
				B50C2F1E23B475D400CE7FBF /* Zrx */,
				B59AE91E23B0AD3E00DF03C1 /* Providers */,
				B59AE91B23B0A8F100DF03C1 /* Managers */,
				B59AE91223B0A74C00DF03C1 /* Factories */,
				B59AE8F823B08AA600DF03C1 /* Adapters */,
				B533EBEF23AB3F9E00CD18CC /* Model */,
				B5DAE29D23AA1A5200D6FBFA /* App.swift */,
				B533EBE823AB352F00CD18CC /* Configuration.swift */,
			);
			path = Core;
			sourceTree = "<group>";
		};
		B533EBEC23AB3BF100CD18CC /* Utils */ = {
			isa = PBXGroup;
			children = (
				B533EBED23AB3BFE00CD18CC /* Logger.swift */,
				B53A7D0423C747210098A237 /* String+Extension.swift */,
				B54F65DA23CE175E008BD76C /* Decimal+Extension.swift */,
				B54F65DC23CE191C008BD76C /* NumberUtils.swift */,
			);
			path = Utils;
			sourceTree = "<group>";
		};
		B533EBEF23AB3F9E00CD18CC /* Model */ = {
			isa = PBXGroup;
			children = (
				B533EBF023AB3FBF00CD18CC /* Coin.swift */,
				B533EBF223AB404F00CD18CC /* CoinType.swift */,
				B59AE8FE23B0A32200DF03C1 /* ConvertibleError.swift */,
				B59AE90023B0A35D00DF03C1 /* ConnectionError.swift */,
				B59AE90423B0A43F00DF03C1 /* TransactionRecord.swift */,
				B59AE90823B0A4B700DF03C1 /* AdapterState.swift */,
				B59AE90E23B0A58000DF03C1 /* TransactionLockInfo.swift */,
				B59AE91923B0A8A700DF03C1 /* Currency.swift */,
			);
			path = Model;
			sourceTree = "<group>";
		};
		B533EBF423AB6E2E00CD18CC /* Main */ = {
			isa = PBXGroup;
			children = (
				B533EBF523AB6E3E00CD18CC /* MainView.swift */,
				B53A7D1223C8965D0098A237 /* MainViewModel.swift */,
			);
			path = Main;
			sourceTree = "<group>";
		};
		B533EBF823AC8D9200CD18CC /* Balance */ = {
			isa = PBXGroup;
			children = (
				B50C2F1523B2190700CE7FBF /* Model */,
				B533EBF923AC8E1000CD18CC /* View */,
				B533EBFE23ACC3A400CD18CC /* BalanceViewModel.swift */,
			);
			path = Balance;
			sourceTree = "<group>";
		};
		B533EBF923AC8E1000CD18CC /* View */ = {
			isa = PBXGroup;
			children = (
				B533EBFA23AC8E2700CD18CC /* BalanceView.swift */,
				B533EBFC23AC8E3600CD18CC /* BalanceRow.swift */,
			);
			path = View;
			sourceTree = "<group>";
		};
		B53A7D0F23C896260098A237 /* InputWords */ = {
			isa = PBXGroup;
			children = (
				B53A7D1023C8963E0098A237 /* InputWordsView.swift */,
			);
			path = InputWords;
			sourceTree = "<group>";
		};
		B59AE8F823B08AA600DF03C1 /* Adapters */ = {
			isa = PBXGroup;
			children = (
				B59AE8FA23B09B3A00DF03C1 /* IAdapter.swift */,
				B59AE8FC23B09B6900DF03C1 /* EthereumBaseAdapter.swift */,
				B59AE90223B0A40F00DF03C1 /* EthereumAdapter.swift */,
				B59AE90623B0A47500DF03C1 /* IBalanceAdapter.swift */,
				B59AE90A23B0A4EB00DF03C1 /* ISendEthereumAdapter.swift */,
				B59AE90C23B0A53200DF03C1 /* ITransactionsAdapter.swift */,
				B59AE91023B0A6CF00DF03C1 /* Erc20Adapter.swift */,
			);
			path = Adapters;
			sourceTree = "<group>";
		};
		B59AE91223B0A74C00DF03C1 /* Factories */ = {
			isa = PBXGroup;
			children = (
				B59AE91323B0A76D00DF03C1 /* IAdapterFactory.swift */,
				B59AE91523B0A78600DF03C1 /* AdapterFactory.swift */,
			);
			path = Factories;
			sourceTree = "<group>";
		};
		B59AE91B23B0A8F100DF03C1 /* Managers */ = {
			isa = PBXGroup;
			children = (
				B59AE91C23B0A8FF00DF03C1 /* EthereumKitManager.swift */,
				B59AE92123B0BCAE00DF03C1 /* IAdapterManager.swift */,
				B59AE92323B0BD2100DF03C1 /* AdapterManager.swift */,
				B50C2F1A23B4729A00CE7FBF /* CoinManager.swift */,
				B50C2F2A23B4777900CE7FBF /* ICoinManager.swift */,
			);
			path = Managers;
			sourceTree = "<group>";
		};
		B59AE91E23B0AD3E00DF03C1 /* Providers */ = {
			isa = PBXGroup;
			children = (
				B59AE91723B0A87200DF03C1 /* IAppConfigProvider.swift */,
				B59AE91F23B0AD5200DF03C1 /* AppConfigProvider.swift */,
			);
			path = Providers;
			sourceTree = "<group>";
		};
		B5DAE25523A8E80D00D6FBFA = {
			isa = PBXGroup;
			children = (
				B5DAE28D23A9EAA100D6FBFA /* Source */,
				B5DAE28623A9E80000D6FBFA /* Configuration */,
				B5DAE26023A8E80D00D6FBFA /* UDEX */,
				B5DAE25F23A8E80D00D6FBFA /* Products */,
				6624FC97EA37BDCA1B7AA041 /* Pods */,
				8D472A56C6462D6AF020D490 /* Frameworks */,
			);
			sourceTree = "<group>";
		};
		B5DAE25F23A8E80D00D6FBFA /* Products */ = {
			isa = PBXGroup;
			children = (
				B5DAE25E23A8E80D00D6FBFA /* UDEX.app */,
			);
			name = Products;
			sourceTree = "<group>";
		};
		B5DAE26023A8E80D00D6FBFA /* UDEX */ = {
			isa = PBXGroup;
			children = (
				B5DAE26123A8E80D00D6FBFA /* AppDelegate.swift */,
				B5DAE26323A8E80D00D6FBFA /* SceneDelegate.swift */,
				B5DAE26523A8E80D00D6FBFA /* ContentView.swift */,
				B5DAE26723A8E81000D6FBFA /* Assets.xcassets */,
				B5DAE26C23A8E81000D6FBFA /* LaunchScreen.storyboard */,
				B5DAE26F23A8E81000D6FBFA /* Info.plist */,
				B5DAE26923A8E81000D6FBFA /* Preview Content */,
			);
			path = UDEX;
			sourceTree = "<group>";
		};
		B5DAE26923A8E81000D6FBFA /* Preview Content */ = {
			isa = PBXGroup;
			children = (
				B5DAE26A23A8E81000D6FBFA /* Preview Assets.xcassets */,
			);
			path = "Preview Content";
			sourceTree = "<group>";
		};
		B5DAE28623A9E80000D6FBFA /* Configuration */ = {
			isa = PBXGroup;
			children = (
				B5DAE28723A9E82700D6FBFA /* Debug.xcconfig */,
				B5DAE28823A9E83700D6FBFA /* Release.xcconfig */,
				B5DAE28923A9E84600D6FBFA /* Base.xcconfig */,
				B5DAE28A23A9E85400D6FBFA /* Staging.xcconfig */,
			);
			path = Configuration;
			sourceTree = "<group>";
		};
		B5DAE28D23A9EAA100D6FBFA /* Source */ = {
			isa = PBXGroup;
			children = (
				B533EBEC23AB3BF100CD18CC /* Utils */,
				B533EBE723AB33EE00CD18CC /* Core */,
				B5DAE29723AA0D1D00D6FBFA /* TestData */,
				B5DAE29223AA0BC000D6FBFA /* Modules */,
			);
			path = Source;
			sourceTree = "<group>";
		};
		B5DAE29223AA0BC000D6FBFA /* Modules */ = {
			isa = PBXGroup;
			children = (
				B5F0A42C23CC315500592A78 /* Dialogs */,
				B53A7D0F23C896260098A237 /* InputWords */,
				B50C2F3023B4BB3800CE7FBF /* Exchange */,
				B533EBF823AC8D9200CD18CC /* Balance */,
				B533EBF423AB6E2E00CD18CC /* Main */,
				B5DAE29323AA0BD800D6FBFA /* Orders */,
			);
			path = Modules;
			sourceTree = "<group>";
		};
		B5DAE29323AA0BD800D6FBFA /* Orders */ = {
			isa = PBXGroup;
			children = (
				B533EBEA23AB38D300CD18CC /* OrdersViewModel.swift */,
				B5DAE29A23AA0DAA00D6FBFA /* View */,
				B5DAE29423AA0BE700D6FBFA /* Model */,
			);
			path = Orders;
			sourceTree = "<group>";
		};
		B5DAE29423AA0BE700D6FBFA /* Model */ = {
			isa = PBXGroup;
			children = (
				B5DAE29523AA0C3300D6FBFA /* OrderViewItem.swift */,
				B50C2F1C23B4752900CE7FBF /* ExchangePairViewItem.swift */,
				B53A7CEA23C595660098A237 /* EOrderSide.swift */,
			);
			path = Model;
			sourceTree = "<group>";
		};
		B5DAE29723AA0D1D00D6FBFA /* TestData */ = {
			isa = PBXGroup;
			children = (
				B5DAE29823AA0D2900D6FBFA /* TestData.swift */,
			);
			path = TestData;
			sourceTree = "<group>";
		};
		B5DAE29A23AA0DAA00D6FBFA /* View */ = {
			isa = PBXGroup;
			children = (
				B5DAE29023AA0AA500D6FBFA /* OrdersBookView.swift */,
				B5DAE29B23AA0DB700D6FBFA /* OrderBookRow.swift */,
				B5347E4F23CDEEF100A7B85E /* OrdersView.swift */,
				B5347E5123CE097800A7B85E /* OrderRow.swift */,
			);
			path = View;
			sourceTree = "<group>";
		};
		B5F0A42523CC2CCD00592A78 /* Views */ = {
			isa = PBXGroup;
			children = (
				B5F0A42623CC2E3800592A78 /* ActivityIndicator.swift */,
				B5F0A43423CC622500592A78 /* ProcessingDialog.swift */,
				B5F0A43623CC62D000592A78 /* ProgressBar.swift */,
				B5F0A43823CC890800592A78 /* TransactionSentDialog.swift */,
				B5F0A43A23CC90EB00592A78 /* ErrorDialog.swift */,
			);
			path = Views;
			sourceTree = "<group>";
		};
		B5F0A42C23CC315500592A78 /* Dialogs */ = {
			isa = PBXGroup;
			children = (
				B5F0A42D23CC315C00592A78 /* Confirm */,
			);
			path = Dialogs;
			sourceTree = "<group>";
		};
		B5F0A42D23CC315C00592A78 /* Confirm */ = {
			isa = PBXGroup;
			children = (
				B5F0A42A23CC306900592A78 /* ExchangeConfirmView.swift */,
				B5F0A42E23CC31A300592A78 /* ExchangeConfirmInfo.swift */,
				B5F0A43023CC38F600592A78 /* ExchangeConfirmViewModel.swift */,
			);
			path = Confirm;
			sourceTree = "<group>";
		};
/* End PBXGroup section */

/* Begin PBXNativeTarget section */
		B5DAE25D23A8E80D00D6FBFA /* UDEX */ = {
			isa = PBXNativeTarget;
			buildConfigurationList = B5DAE27223A8E81000D6FBFA /* Build configuration list for PBXNativeTarget "UDEX" */;
			buildPhases = (
				50F59FBDBF5984D292FEE9CD /* [CP] Check Pods Manifest.lock */,
				B5DAE25A23A8E80D00D6FBFA /* Sources */,
				B5DAE25B23A8E80D00D6FBFA /* Frameworks */,
				B5DAE25C23A8E80D00D6FBFA /* Resources */,
				E1A8AFCFB1BA764221641415 /* [CP] Embed Pods Frameworks */,
			);
			buildRules = (
			);
			dependencies = (
			);
			name = UDEX;
			productName = UDEX;
			productReference = B5DAE25E23A8E80D00D6FBFA /* UDEX.app */;
			productType = "com.apple.product-type.application";
		};
/* End PBXNativeTarget section */

/* Begin PBXProject section */
		B5DAE25623A8E80D00D6FBFA /* Project object */ = {
			isa = PBXProject;
			attributes = {
				LastSwiftUpdateCheck = 1120;
				LastUpgradeCheck = 1120;
				ORGANIZATIONNAME = MakeUseOf;
				TargetAttributes = {
					B5DAE25D23A8E80D00D6FBFA = {
						CreatedOnToolsVersion = 11.2.1;
					};
				};
			};
			buildConfigurationList = B5DAE25923A8E80D00D6FBFA /* Build configuration list for PBXProject "UDEX" */;
			compatibilityVersion = "Xcode 9.3";
			developmentRegion = en;
			hasScannedForEncodings = 0;
			knownRegions = (
				en,
				Base,
			);
			mainGroup = B5DAE25523A8E80D00D6FBFA;
			productRefGroup = B5DAE25F23A8E80D00D6FBFA /* Products */;
			projectDirPath = "";
			projectRoot = "";
			targets = (
				B5DAE25D23A8E80D00D6FBFA /* UDEX */,
			);
		};
/* End PBXProject section */

/* Begin PBXResourcesBuildPhase section */
		B5DAE25C23A8E80D00D6FBFA /* Resources */ = {
			isa = PBXResourcesBuildPhase;
			buildActionMask = 2147483647;
			files = (
				B5DAE26E23A8E81000D6FBFA /* LaunchScreen.storyboard in Resources */,
				B5DAE26B23A8E81000D6FBFA /* Preview Assets.xcassets in Resources */,
				B5DAE26823A8E81000D6FBFA /* Assets.xcassets in Resources */,
			);
			runOnlyForDeploymentPostprocessing = 0;
		};
/* End PBXResourcesBuildPhase section */

/* Begin PBXShellScriptBuildPhase section */
		50F59FBDBF5984D292FEE9CD /* [CP] Check Pods Manifest.lock */ = {
			isa = PBXShellScriptBuildPhase;
			buildActionMask = 2147483647;
			files = (
			);
			inputFileListPaths = (
			);
			inputPaths = (
				"${PODS_PODFILE_DIR_PATH}/Podfile.lock",
				"${PODS_ROOT}/Manifest.lock",
			);
			name = "[CP] Check Pods Manifest.lock";
			outputFileListPaths = (
			);
			outputPaths = (
				"$(DERIVED_FILE_DIR)/Pods-UDEX-checkManifestLockResult.txt",
			);
			runOnlyForDeploymentPostprocessing = 0;
			shellPath = /bin/sh;
			shellScript = "diff \"${PODS_PODFILE_DIR_PATH}/Podfile.lock\" \"${PODS_ROOT}/Manifest.lock\" > /dev/null\nif [ $? != 0 ] ; then\n    # print error to STDERR\n    echo \"error: The sandbox is not in sync with the Podfile.lock. Run 'pod install' or update your CocoaPods installation.\" >&2\n    exit 1\nfi\n# This output is used by Xcode 'outputs' to avoid re-running this script phase.\necho \"SUCCESS\" > \"${SCRIPT_OUTPUT_FILE_0}\"\n";
			showEnvVarsInLog = 0;
		};
		E1A8AFCFB1BA764221641415 /* [CP] Embed Pods Frameworks */ = {
			isa = PBXShellScriptBuildPhase;
			buildActionMask = 2147483647;
			files = (
			);
			inputFileListPaths = (
				"${PODS_ROOT}/Target Support Files/Pods-UDEX/Pods-UDEX-frameworks-${CONFIGURATION}-input-files.xcfilelist",
			);
			name = "[CP] Embed Pods Frameworks";
			outputFileListPaths = (
				"${PODS_ROOT}/Target Support Files/Pods-UDEX/Pods-UDEX-frameworks-${CONFIGURATION}-output-files.xcfilelist",
			);
			runOnlyForDeploymentPostprocessing = 0;
			shellPath = /bin/sh;
			shellScript = "\"${PODS_ROOT}/Target Support Files/Pods-UDEX/Pods-UDEX-frameworks.sh\"\n";
			showEnvVarsInLog = 0;
		};
/* End PBXShellScriptBuildPhase section */

/* Begin PBXSourcesBuildPhase section */
		B5DAE25A23A8E80D00D6FBFA /* Sources */ = {
			isa = PBXSourcesBuildPhase;
			buildActionMask = 2147483647;
			files = (
				B59AE90523B0A43F00DF03C1 /* TransactionRecord.swift in Sources */,
				B59AE91D23B0A8FF00DF03C1 /* EthereumKitManager.swift in Sources */,
				B59AE91623B0A78600DF03C1 /* AdapterFactory.swift in Sources */,
				B53A7CEB23C595660098A237 /* EOrderSide.swift in Sources */,
				B5F0A42F23CC31A300592A78 /* ExchangeConfirmInfo.swift in Sources */,
				B53A7CF323C5C8F10098A237 /* AllowanceChecker.swift in Sources */,
				B5F0A42B23CC306900592A78 /* ExchangeConfirmView.swift in Sources */,
				B59AE8FF23B0A32200DF03C1 /* ConvertibleError.swift in Sources */,
				B5DAE26223A8E80D00D6FBFA /* AppDelegate.swift in Sources */,
				B50C2F1D23B4752900CE7FBF /* ExchangePairViewItem.swift in Sources */,
				B533EBF623AB6E3E00CD18CC /* MainView.swift in Sources */,
				B59AE92023B0AD5200DF03C1 /* AppConfigProvider.swift in Sources */,
				B50C2F2D23B47C4000CE7FBF /* IRelayerAdapterManager.swift in Sources */,
				B533EBEE23AB3BFE00CD18CC /* Logger.swift in Sources */,
				B50C2F3723B4BE3400CE7FBF /* ExchangeCoinView.swift in Sources */,
				B54F65E123CED25E008BD76C /* NumberPad.swift in Sources */,
				B59AE91A23B0A8A700DF03C1 /* Currency.swift in Sources */,
				B54F65DD23CE191C008BD76C /* NumberUtils.swift in Sources */,
				B533EBF323AB404F00CD18CC /* CoinType.swift in Sources */,
				B54F65DB23CE175E008BD76C /* Decimal+Extension.swift in Sources */,
				B5DAE26423A8E80D00D6FBFA /* SceneDelegate.swift in Sources */,
				B59AE90F23B0A58000DF03C1 /* TransactionLockInfo.swift in Sources */,
				B5347E5223CE097800A7B85E /* OrderRow.swift in Sources */,
				B50C2F2923B4774D00CE7FBF /* IZrxKitManager.swift in Sources */,
				B53A7D0323C745A30098A237 /* NormalizedOrderData.swift in Sources */,
				B53A7CED23C5C4840098A237 /* IExchangeInteractor.swift in Sources */,
				B53A7CFD23C7405F0098A237 /* RelayerOrdersList.swift in Sources */,
				B50C2F2B23B4777900CE7FBF /* ICoinManager.swift in Sources */,
				B59AE91423B0A76D00DF03C1 /* IAdapterFactory.swift in Sources */,
				B59AE91123B0A6CF00DF03C1 /* Erc20Adapter.swift in Sources */,
				B5F0A43723CC62D000592A78 /* ProgressBar.swift in Sources */,
				B5DAE29623AA0C3300D6FBFA /* OrderViewItem.swift in Sources */,
				B59AE90D23B0A53200DF03C1 /* ITransactionsAdapter.swift in Sources */,
				B59AE90723B0A47500DF03C1 /* IBalanceAdapter.swift in Sources */,
				B50C2F2123B475F700CE7FBF /* ExchangePair.swift in Sources */,
				B50C2F2F23B47C6100CE7FBF /* RelayerAdapterManager.swift in Sources */,
				B52C4A1E23B9BA74004C1AAE /* ExchangePairsInfo.swift in Sources */,
				B5347E5423CE0C5900A7B85E /* SimpleOrder.swift in Sources */,
				B533EBFB23AC8E2700CD18CC /* BalanceView.swift in Sources */,
				B59AE92423B0BD2100DF03C1 /* AdapterManager.swift in Sources */,
				B53A7CF523C5C9000098A237 /* IAllowanceChecker.swift in Sources */,
				B53A7D0123C7452D0098A237 /* OrdersUtil.swift in Sources */,
				B53A7CFF23C744060098A237 /* FillResult.swift in Sources */,
				B53A7CFB23C73EED0098A237 /* RelayerOrders.swift in Sources */,
				B52C4A2023C32168004C1AAE /* ExchangeViewState.swift in Sources */,
				B533EBE923AB352F00CD18CC /* Configuration.swift in Sources */,
				B5DAE29923AA0D2900D6FBFA /* TestData.swift in Sources */,
				B59AE90323B0A40F00DF03C1 /* EthereumAdapter.swift in Sources */,
				B53A7CE923C594E70098A237 /* CreateOrderData.swift in Sources */,
				B5347E5623CE0D6300A7B85E /* RatesConverter.swift in Sources */,
				B533EBFD23AC8E3600CD18CC /* BalanceRow.swift in Sources */,
				B59AE90B23B0A4EB00DF03C1 /* ISendEthereumAdapter.swift in Sources */,
				B50C2F2623B4772900CE7FBF /* IRelayerAdapter.swift in Sources */,
				B53A7CF723C722040098A237 /* IExchangeViewModel.swift in Sources */,
				B50C2F1B23B4729A00CE7FBF /* CoinManager.swift in Sources */,
				B50C2F1723B2191500CE7FBF /* BalanceViewItem.swift in Sources */,
				B53A7CF123C5C5E90098A237 /* ExchangeInteractor.swift in Sources */,
				B533EBF123AB3FBF00CD18CC /* Coin.swift in Sources */,
				B53A7CE723C593800098A237 /* LimitExchangeViewModel.swift in Sources */,
				B59AE90123B0A35D00DF03C1 /* ConnectionError.swift in Sources */,
				B53A7D1323C8965D0098A237 /* MainViewModel.swift in Sources */,
				B5F0A43123CC38F600592A78 /* ExchangeConfirmViewModel.swift in Sources */,
				B5DAE29C23AA0DB700D6FBFA /* OrderBookRow.swift in Sources */,
				B5F0A43523CC622500592A78 /* ProcessingDialog.swift in Sources */,
				B53A7CEF23C5C5800098A237 /* FillOrderData.swift in Sources */,
				B52C4A1523B5B865004C1AAE /* ExchangeViewItem.swift in Sources */,
				B50C2F3523B4BB7500CE7FBF /* ExchangeView.swift in Sources */,
				B52C4A2423C32246004C1AAE /* LimitOrderViewState.swift in Sources */,
				B5F0A43B23CC90EB00592A78 /* ErrorDialog.swift in Sources */,
				B52C4A2223C321D1004C1AAE /* MarketOrderViewState.swift in Sources */,
				B50C2F2423B4771100CE7FBF /* BaseRelayerAdapter.swift in Sources */,
				B53A7D0523C747210098A237 /* String+Extension.swift in Sources */,
				B5F0A42723CC2E3800592A78 /* ActivityIndicator.swift in Sources */,
				B533EBFF23ACC3A400CD18CC /* BalanceViewModel.swift in Sources */,
				B5DAE29E23AA1A5200D6FBFA /* App.swift in Sources */,
				B59AE90923B0A4B700DF03C1 /* AdapterState.swift in Sources */,
				B5347E5023CDEEF100A7B85E /* OrdersView.swift in Sources */,
				B5DAE29123AA0AA500D6FBFA /* OrdersBookView.swift in Sources */,
				B52C4A1A23B5FAB2004C1AAE /* ExchangeInputView.swift in Sources */,
				B5DAE26623A8E80D00D6FBFA /* ContentView.swift in Sources */,
				B50C2F1923B3818E00CE7FBF /* ZrxKitManager.swift in Sources */,
				B50C2F3A23B4C56000CE7FBF /* ExchangeCoinViewItem.swift in Sources */,
				B5F0A43923CC890800592A78 /* TransactionSentDialog.swift in Sources */,
				B533EBEB23AB38D300CD18CC /* OrdersViewModel.swift in Sources */,
				B59AE8FB23B09B3A00DF03C1 /* IAdapter.swift in Sources */,
				B59AE92223B0BCAE00DF03C1 /* IAdapterManager.swift in Sources */,
				B52C4A2723C323E2004C1AAE /* MarketExchangeViewModel.swift in Sources */,
				B53A7D1123C8963E0098A237 /* InputWordsView.swift in Sources */,
				B52C4A1323B5B7BD004C1AAE /* ExchangeViewModel.swift in Sources */,
				B59AE91823B0A87200DF03C1 /* IAppConfigProvider.swift in Sources */,
				B59AE8FD23B09B6900DF03C1 /* EthereumBaseAdapter.swift in Sources */,
			);
			runOnlyForDeploymentPostprocessing = 0;
		};
/* End PBXSourcesBuildPhase section */

/* Begin PBXVariantGroup section */
		B5DAE26C23A8E81000D6FBFA /* LaunchScreen.storyboard */ = {
			isa = PBXVariantGroup;
			children = (
				B5DAE26D23A8E81000D6FBFA /* Base */,
			);
			name = LaunchScreen.storyboard;
			sourceTree = "<group>";
		};
/* End PBXVariantGroup section */

/* Begin XCBuildConfiguration section */
		B5DAE27023A8E81000D6FBFA /* Debug */ = {
			isa = XCBuildConfiguration;
			buildSettings = {
				ALWAYS_SEARCH_USER_PATHS = NO;
				CLANG_ANALYZER_NONNULL = YES;
				CLANG_ANALYZER_NUMBER_OBJECT_CONVERSION = YES_AGGRESSIVE;
				CLANG_CXX_LANGUAGE_STANDARD = "gnu++14";
				CLANG_CXX_LIBRARY = "libc++";
				CLANG_ENABLE_MODULES = YES;
				CLANG_ENABLE_OBJC_ARC = YES;
				CLANG_ENABLE_OBJC_WEAK = YES;
				CLANG_WARN_BLOCK_CAPTURE_AUTORELEASING = YES;
				CLANG_WARN_BOOL_CONVERSION = YES;
				CLANG_WARN_COMMA = YES;
				CLANG_WARN_CONSTANT_CONVERSION = YES;
				CLANG_WARN_DEPRECATED_OBJC_IMPLEMENTATIONS = YES;
				CLANG_WARN_DIRECT_OBJC_ISA_USAGE = YES_ERROR;
				CLANG_WARN_DOCUMENTATION_COMMENTS = YES;
				CLANG_WARN_EMPTY_BODY = YES;
				CLANG_WARN_ENUM_CONVERSION = YES;
				CLANG_WARN_INFINITE_RECURSION = YES;
				CLANG_WARN_INT_CONVERSION = YES;
				CLANG_WARN_NON_LITERAL_NULL_CONVERSION = YES;
				CLANG_WARN_OBJC_IMPLICIT_RETAIN_SELF = YES;
				CLANG_WARN_OBJC_LITERAL_CONVERSION = YES;
				CLANG_WARN_OBJC_ROOT_CLASS = YES_ERROR;
				CLANG_WARN_RANGE_LOOP_ANALYSIS = YES;
				CLANG_WARN_STRICT_PROTOTYPES = YES;
				CLANG_WARN_SUSPICIOUS_MOVE = YES;
				CLANG_WARN_UNGUARDED_AVAILABILITY = YES_AGGRESSIVE;
				CLANG_WARN_UNREACHABLE_CODE = YES;
				CLANG_WARN__DUPLICATE_METHOD_MATCH = YES;
				COPY_PHASE_STRIP = NO;
				DEBUG_INFORMATION_FORMAT = dwarf;
				ENABLE_STRICT_OBJC_MSGSEND = YES;
				ENABLE_TESTABILITY = YES;
				GCC_C_LANGUAGE_STANDARD = gnu11;
				GCC_DYNAMIC_NO_PIC = NO;
				GCC_NO_COMMON_BLOCKS = YES;
				GCC_OPTIMIZATION_LEVEL = 0;
				GCC_PREPROCESSOR_DEFINITIONS = (
					"DEBUG=1",
					"$(inherited)",
				);
				GCC_WARN_64_TO_32_BIT_CONVERSION = YES;
				GCC_WARN_ABOUT_RETURN_TYPE = YES_ERROR;
				GCC_WARN_UNDECLARED_SELECTOR = YES;
				GCC_WARN_UNINITIALIZED_AUTOS = YES_AGGRESSIVE;
				GCC_WARN_UNUSED_FUNCTION = YES;
				GCC_WARN_UNUSED_VARIABLE = YES;
				IPHONEOS_DEPLOYMENT_TARGET = 13.2;
				MTL_ENABLE_DEBUG_INFO = INCLUDE_SOURCE;
				MTL_FAST_MATH = YES;
				ONLY_ACTIVE_ARCH = YES;
				SDKROOT = iphoneos;
				SWIFT_ACTIVE_COMPILATION_CONDITIONS = DEBUG;
				SWIFT_OPTIMIZATION_LEVEL = "-Onone";
			};
			name = Debug;
		};
		B5DAE27123A8E81000D6FBFA /* Release */ = {
			isa = XCBuildConfiguration;
			buildSettings = {
				ALWAYS_SEARCH_USER_PATHS = NO;
				CLANG_ANALYZER_NONNULL = YES;
				CLANG_ANALYZER_NUMBER_OBJECT_CONVERSION = YES_AGGRESSIVE;
				CLANG_CXX_LANGUAGE_STANDARD = "gnu++14";
				CLANG_CXX_LIBRARY = "libc++";
				CLANG_ENABLE_MODULES = YES;
				CLANG_ENABLE_OBJC_ARC = YES;
				CLANG_ENABLE_OBJC_WEAK = YES;
				CLANG_WARN_BLOCK_CAPTURE_AUTORELEASING = YES;
				CLANG_WARN_BOOL_CONVERSION = YES;
				CLANG_WARN_COMMA = YES;
				CLANG_WARN_CONSTANT_CONVERSION = YES;
				CLANG_WARN_DEPRECATED_OBJC_IMPLEMENTATIONS = YES;
				CLANG_WARN_DIRECT_OBJC_ISA_USAGE = YES_ERROR;
				CLANG_WARN_DOCUMENTATION_COMMENTS = YES;
				CLANG_WARN_EMPTY_BODY = YES;
				CLANG_WARN_ENUM_CONVERSION = YES;
				CLANG_WARN_INFINITE_RECURSION = YES;
				CLANG_WARN_INT_CONVERSION = YES;
				CLANG_WARN_NON_LITERAL_NULL_CONVERSION = YES;
				CLANG_WARN_OBJC_IMPLICIT_RETAIN_SELF = YES;
				CLANG_WARN_OBJC_LITERAL_CONVERSION = YES;
				CLANG_WARN_OBJC_ROOT_CLASS = YES_ERROR;
				CLANG_WARN_RANGE_LOOP_ANALYSIS = YES;
				CLANG_WARN_STRICT_PROTOTYPES = YES;
				CLANG_WARN_SUSPICIOUS_MOVE = YES;
				CLANG_WARN_UNGUARDED_AVAILABILITY = YES_AGGRESSIVE;
				CLANG_WARN_UNREACHABLE_CODE = YES;
				CLANG_WARN__DUPLICATE_METHOD_MATCH = YES;
				COPY_PHASE_STRIP = NO;
				DEBUG_INFORMATION_FORMAT = "dwarf-with-dsym";
				ENABLE_NS_ASSERTIONS = NO;
				ENABLE_STRICT_OBJC_MSGSEND = YES;
				GCC_C_LANGUAGE_STANDARD = gnu11;
				GCC_NO_COMMON_BLOCKS = YES;
				GCC_WARN_64_TO_32_BIT_CONVERSION = YES;
				GCC_WARN_ABOUT_RETURN_TYPE = YES_ERROR;
				GCC_WARN_UNDECLARED_SELECTOR = YES;
				GCC_WARN_UNINITIALIZED_AUTOS = YES_AGGRESSIVE;
				GCC_WARN_UNUSED_FUNCTION = YES;
				GCC_WARN_UNUSED_VARIABLE = YES;
				IPHONEOS_DEPLOYMENT_TARGET = 13.2;
				MTL_ENABLE_DEBUG_INFO = NO;
				MTL_FAST_MATH = YES;
				SDKROOT = iphoneos;
				SWIFT_COMPILATION_MODE = wholemodule;
				SWIFT_OPTIMIZATION_LEVEL = "-O";
				VALIDATE_PRODUCT = YES;
			};
			name = Release;
		};
		B5DAE27323A8E81000D6FBFA /* Debug */ = {
			isa = XCBuildConfiguration;
			baseConfigurationReference = B5DAE28723A9E82700D6FBFA /* Debug.xcconfig */;
			buildSettings = {
				ASSETCATALOG_COMPILER_APPICON_NAME = AppIcon;
				CODE_SIGN_STYLE = Automatic;
				DEVELOPMENT_ASSET_PATHS = "\"UDEX/Preview Content\"";
				DEVELOPMENT_TEAM = U4R65QQKZ7;
				ENABLE_PREVIEWS = YES;
				FRAMEWORK_SEARCH_PATHS = (
					"$(inherited)",
					"$(PROJECT_DIR)/UDEX",
				);
				GCC_OPTIMIZATION_LEVEL = 0;
				INFOPLIST_FILE = UDEX/Info.plist;
				LD_RUNPATH_SEARCH_PATHS = (
					"$(inherited)",
					"@executable_path/Frameworks",
				);
				PRODUCT_BUNDLE_IDENTIFIER = com.makeuseof.UDEX;
				PRODUCT_NAME = "$(TARGET_NAME)";
				SWIFT_VERSION = 5.0;
				TARGETED_DEVICE_FAMILY = "1,2";
			};
			name = Debug;
		};
		B5DAE27423A8E81000D6FBFA /* Release */ = {
			isa = XCBuildConfiguration;
			baseConfigurationReference = B5DAE28823A9E83700D6FBFA /* Release.xcconfig */;
			buildSettings = {
				ASSETCATALOG_COMPILER_APPICON_NAME = AppIcon;
				CODE_SIGN_STYLE = Automatic;
				DEVELOPMENT_ASSET_PATHS = "\"UDEX/Preview Content\"";
				DEVELOPMENT_TEAM = U4R65QQKZ7;
				ENABLE_PREVIEWS = YES;
				FRAMEWORK_SEARCH_PATHS = (
					"$(inherited)",
					"$(PROJECT_DIR)/UDEX",
				);
				GCC_OPTIMIZATION_LEVEL = fast;
				INFOPLIST_FILE = UDEX/Info.plist;
				LD_RUNPATH_SEARCH_PATHS = (
					"$(inherited)",
					"@executable_path/Frameworks",
				);
				PRODUCT_BUNDLE_IDENTIFIER = com.makeuseof.UDEX;
				PRODUCT_NAME = "$(TARGET_NAME)";
				SWIFT_VERSION = 5.0;
				TARGETED_DEVICE_FAMILY = "1,2";
			};
			name = Release;
		};
		B5DAE28B23A9E90E00D6FBFA /* Staging */ = {
			isa = XCBuildConfiguration;
			buildSettings = {
				ALWAYS_SEARCH_USER_PATHS = NO;
				CLANG_ANALYZER_NONNULL = YES;
				CLANG_ANALYZER_NUMBER_OBJECT_CONVERSION = YES_AGGRESSIVE;
				CLANG_CXX_LANGUAGE_STANDARD = "gnu++14";
				CLANG_CXX_LIBRARY = "libc++";
				CLANG_ENABLE_MODULES = YES;
				CLANG_ENABLE_OBJC_ARC = YES;
				CLANG_ENABLE_OBJC_WEAK = YES;
				CLANG_WARN_BLOCK_CAPTURE_AUTORELEASING = YES;
				CLANG_WARN_BOOL_CONVERSION = YES;
				CLANG_WARN_COMMA = YES;
				CLANG_WARN_CONSTANT_CONVERSION = YES;
				CLANG_WARN_DEPRECATED_OBJC_IMPLEMENTATIONS = YES;
				CLANG_WARN_DIRECT_OBJC_ISA_USAGE = YES_ERROR;
				CLANG_WARN_DOCUMENTATION_COMMENTS = YES;
				CLANG_WARN_EMPTY_BODY = YES;
				CLANG_WARN_ENUM_CONVERSION = YES;
				CLANG_WARN_INFINITE_RECURSION = YES;
				CLANG_WARN_INT_CONVERSION = YES;
				CLANG_WARN_NON_LITERAL_NULL_CONVERSION = YES;
				CLANG_WARN_OBJC_IMPLICIT_RETAIN_SELF = YES;
				CLANG_WARN_OBJC_LITERAL_CONVERSION = YES;
				CLANG_WARN_OBJC_ROOT_CLASS = YES_ERROR;
				CLANG_WARN_RANGE_LOOP_ANALYSIS = YES;
				CLANG_WARN_STRICT_PROTOTYPES = YES;
				CLANG_WARN_SUSPICIOUS_MOVE = YES;
				CLANG_WARN_UNGUARDED_AVAILABILITY = YES_AGGRESSIVE;
				CLANG_WARN_UNREACHABLE_CODE = YES;
				CLANG_WARN__DUPLICATE_METHOD_MATCH = YES;
				COPY_PHASE_STRIP = NO;
				DEBUG_INFORMATION_FORMAT = dwarf;
				ENABLE_STRICT_OBJC_MSGSEND = YES;
				ENABLE_TESTABILITY = YES;
				GCC_C_LANGUAGE_STANDARD = gnu11;
				GCC_DYNAMIC_NO_PIC = NO;
				GCC_NO_COMMON_BLOCKS = YES;
				GCC_OPTIMIZATION_LEVEL = 0;
				GCC_PREPROCESSOR_DEFINITIONS = (
					"DEBUG=1",
					"$(inherited)",
				);
				GCC_WARN_64_TO_32_BIT_CONVERSION = YES;
				GCC_WARN_ABOUT_RETURN_TYPE = YES_ERROR;
				GCC_WARN_UNDECLARED_SELECTOR = YES;
				GCC_WARN_UNINITIALIZED_AUTOS = YES_AGGRESSIVE;
				GCC_WARN_UNUSED_FUNCTION = YES;
				GCC_WARN_UNUSED_VARIABLE = YES;
				IPHONEOS_DEPLOYMENT_TARGET = 13.2;
				MTL_ENABLE_DEBUG_INFO = INCLUDE_SOURCE;
				MTL_FAST_MATH = YES;
				ONLY_ACTIVE_ARCH = YES;
				SDKROOT = iphoneos;
				SWIFT_ACTIVE_COMPILATION_CONDITIONS = DEBUG;
				SWIFT_OPTIMIZATION_LEVEL = "-Onone";
			};
			name = Staging;
		};
		B5DAE28C23A9E90E00D6FBFA /* Staging */ = {
			isa = XCBuildConfiguration;
			baseConfigurationReference = B5DAE28A23A9E85400D6FBFA /* Staging.xcconfig */;
			buildSettings = {
				ASSETCATALOG_COMPILER_APPICON_NAME = AppIcon;
				CODE_SIGN_STYLE = Automatic;
				DEVELOPMENT_ASSET_PATHS = "\"UDEX/Preview Content\"";
				DEVELOPMENT_TEAM = U4R65QQKZ7;
				ENABLE_PREVIEWS = YES;
				FRAMEWORK_SEARCH_PATHS = (
					"$(inherited)",
					"$(PROJECT_DIR)/UDEX",
				);
				GCC_OPTIMIZATION_LEVEL = 0;
				INFOPLIST_FILE = UDEX/Info.plist;
				LD_RUNPATH_SEARCH_PATHS = (
					"$(inherited)",
					"@executable_path/Frameworks",
				);
				PRODUCT_BUNDLE_IDENTIFIER = com.makeuseof.UDEX;
				PRODUCT_NAME = "$(TARGET_NAME)";
				SWIFT_VERSION = 5.0;
				TARGETED_DEVICE_FAMILY = "1,2";
			};
			name = Staging;
		};
/* End XCBuildConfiguration section */

/* Begin XCConfigurationList section */
		B5DAE25923A8E80D00D6FBFA /* Build configuration list for PBXProject "UDEX" */ = {
			isa = XCConfigurationList;
			buildConfigurations = (
				B5DAE27023A8E81000D6FBFA /* Debug */,
				B5DAE28B23A9E90E00D6FBFA /* Staging */,
				B5DAE27123A8E81000D6FBFA /* Release */,
			);
			defaultConfigurationIsVisible = 0;
			defaultConfigurationName = Release;
		};
		B5DAE27223A8E81000D6FBFA /* Build configuration list for PBXNativeTarget "UDEX" */ = {
			isa = XCConfigurationList;
			buildConfigurations = (
				B5DAE27323A8E81000D6FBFA /* Debug */,
				B5DAE28C23A9E90E00D6FBFA /* Staging */,
				B5DAE27423A8E81000D6FBFA /* Release */,
			);
			defaultConfigurationIsVisible = 0;
			defaultConfigurationName = Release;
		};
/* End XCConfigurationList section */
	};
	rootObject = B5DAE25623A8E80D00D6FBFA /* Project object */;
}
